<Solution>
  <Project Path="Contas_Api/Contas_Api.csproj" Id="0f831833-814f-4a36-b593-06d4383f430e" />
  <Project Path="Contas_App/Contas_App.csproj">
    <Deploy Solution="Debug|*" />
  </Project>
  <Project Path="Contas_Contratos/Contas_Contratos.csproj" />
  <Project Path="Contas_Core/Contas_Core.csproj" />
  <Project Path="Contas_Db/Contas_Db.csproj" />
  <Project Path="Contas_Test/Contas_Test.csproj" Id="536acd50-5f72-4e79-a136-6ba20d31c355" />
  <Project Path="Contas_Web/Contas_Web.csproj" Id="a9e1baf5-5b92-43a9-8391-6221e78cf2cf" />
</Solution>
